{
  "name": "siren",
  "lockfileVersion": 3,
  "requires": true,
  "packages": {
    "": {
      "name": "siren",
      "license": "MIT",
      "devDependencies": {
        "gitnook": "^0.6.0"
      },
      "engines": {
        "node": ">=18"
      }
    },
    "node_modules/gitnook": {
      "version": "0.6.0",
      "resolved": "https://registry.npmjs.org/gitnook/-/gitnook-0.6.0.tgz",
      "integrity": "sha512-RDW7z+EnFOIn8849CyW3wNh9dChZtOy7OexQ38p9qxq6Bj6d6jruLyUY8igrndFjgqCsjXww7fDOWx+BZGa2aQ==",
      "dev": true,
      "license": "MIT",
      "bin": {
        "nook": "bin/nook.js"
      },
      "engines": {
        "node": ">=22"
      }
    }
  }
}
